// !$*UTF8*$!
{
	archiveVersion = 1;
	classes = {
	};
	objectVersion = 50;
	objects = {

/* Begin PBXBuildFile section */
		CEB37B23212892B80028A4A3 /* AppDelegate.swift in Sources */ = {isa = PBXBuildFile; fileRef = CEB37B22212892B80028A4A3 /* AppDelegate.swift */; };
		CEB37B25212892B80028A4A3 /* ViewController.swift in Sources */ = {isa = PBXBuildFile; fileRef = CEB37B24212892B80028A4A3 /* ViewController.swift */; };
		CEB37B28212892B80028A4A3 /* Main.storyboard in Resources */ = {isa = PBXBuildFile; fileRef = CEB37B26212892B80028A4A3 /* Main.storyboard */; settings = {ASSET_TAGS = (AC, ); }; };
		CEB37B2A212892B80028A4A3 /* Assets.xcassets in Resources */ = {isa = PBXBuildFile; fileRef = CEB37B29212892B80028A4A3 /* Assets.xcassets */; };
		CEB37B2D212892B80028A4A3 /* LaunchScreen.storyboard in Resources */ = {isa = PBXBuildFile; fileRef = CEB37B2B212892B80028A4A3 /* LaunchScreen.storyboard */; };
		CEB37B38212892B80028A4A3 /* CalculadoraTests.swift in Sources */ = {isa = PBXBuildFile; fileRef = CEB37B37212892B80028A4A3 /* CalculadoraTests.swift */; };
		CEB37B43212892B80028A4A3 /* CalculadoraUITests.swift in Sources */ = {isa = PBXBuildFile; fileRef = CEB37B42212892B80028A4A3 /* CalculadoraUITests.swift */; };
/* End PBXBuildFile section */

/* Begin PBXContainerItemProxy section */
		CEB37B34212892B80028A4A3 /* PBXContainerItemProxy */ = {
			isa = PBXContainerItemProxy;
			containerPortal = CEB37B17212892B70028A4A3 /* Project object */;
			proxyType = 1;
			remoteGlobalIDString = CEB37B1E212892B70028A4A3;
			remoteInfo = Calculadora;
		};
		CEB37B3F212892B80028A4A3 /* PBXContainerItemProxy */ = {
			isa = PBXContainerItemProxy;
			containerPortal = CEB37B17212892B70028A4A3 /* Project object */;
			proxyType = 1;
			remoteGlobalIDString = CEB37B1E212892B70028A4A3;
			remoteInfo = Calculadora;
		};
/* End PBXContainerItemProxy section */

/* Begin PBXFileReference section */
		CEB37B1F212892B80028A4A3 /* Calculadora.app */ = {isa = PBXFileReference; explicitFileType = wrapper.application; includeInIndex = 0; path = Calculadora.app; sourceTree = BUILT_PRODUCTS_DIR; };
		CEB37B22212892B80028A4A3 /* AppDelegate.swift */ = {isa = PBXFileReference; lastKnownFileType = sourcecode.swift; path = AppDelegate.swift; sourceTree = "<group>"; };
		CEB37B24212892B80028A4A3 /* ViewController.swift */ = {isa = PBXFileReference; lastKnownFileType = sourcecode.swift; path = ViewController.swift; sourceTree = "<group>"; };
		CEB37B27212892B80028A4A3 /* Base */ = {isa = PBXFileReference; lastKnownFileType = file.storyboard; name = Base; path = Base.lproj/Main.storyboard; sourceTree = "<group>"; };
		CEB37B29212892B80028A4A3 /* Assets.xcassets */ = {isa = PBXFileReference; lastKnownFileType = folder.assetcatalog; path = Assets.xcassets; sourceTree = "<group>"; };
		CEB37B2C212892B80028A4A3 /* Base */ = {isa = PBXFileReference; lastKnownFileType = file.storyboard; name = Base; path = Base.lproj/LaunchScreen.storyboard; sourceTree = "<group>"; };
		CEB37B2E212892B80028A4A3 /* Info.plist */ = {isa = PBXFileReference; lastKnownFileType = text.plist.xml; path = Info.plist; sourceTree = "<group>"; };
		CEB37B33212892B80028A4A3 /* CalculadoraTests.xctest */ = {isa = PBXFileReference; explicitFileType = wrapper.cfbundle; includeInIndex = 0; path = CalculadoraTests.xctest; sourceTree = BUILT_PRODUCTS_DIR; };
		CEB37B37212892B80028A4A3 /* CalculadoraTests.swift */ = {isa = PBXFileReference; lastKnownFileType = sourcecode.swift; path = CalculadoraTests.swift; sourceTree = "<group>"; };
		CEB37B39212892B80028A4A3 /* Info.plist */ = {isa = PBXFileReference; lastKnownFileType = text.plist.xml; path = Info.plist; sourceTree = "<group>"; };
		CEB37B3E212892B80028A4A3 /* CalculadoraUITests.xctest */ = {isa = PBXFileReference; explicitFileType = wrapper.cfbundle; includeInIndex = 0; path = CalculadoraUITests.xctest; sourceTree = BUILT_PRODUCTS_DIR; };
		CEB37B42212892B80028A4A3 /* CalculadoraUITests.swift */ = {isa = PBXFileReference; lastKnownFileType = sourcecode.swift; path = CalculadoraUITests.swift; sourceTree = "<group>"; };
		CEB37B44212892B80028A4A3 /* Info.plist */ = {isa = PBXFileReference; lastKnownFileType = text.plist.xml; path = Info.plist; sourceTree = "<group>"; };
/* End PBXFileReference section */

/* Begin PBXFrameworksBuildPhase section */
		CEB37B1C212892B70028A4A3 /* Frameworks */ = {
			isa = PBXFrameworksBuildPhase;
			buildActionMask = 2147483647;
			files = (
			);
			runOnlyForDeploymentPostprocessing = 0;
		};
		CEB37B30212892B80028A4A3 /* Frameworks */ = {
			isa = PBXFrameworksBuildPhase;
			buildActionMask = 2147483647;
			files = (
			);
			runOnlyForDeploymentPostprocessing = 0;
		};
		CEB37B3B212892B80028A4A3 /* Frameworks */ = {
			isa = PBXFrameworksBuildPhase;
			buildActionMask = 2147483647;
			files = (
			);
			runOnlyForDeploymentPostprocessing = 0;
		};
/* End PBXFrameworksBuildPhase section */

/* Begin PBXGroup section */
		CEB37B16212892B70028A4A3 = {
			isa = PBXGroup;
			children = (
				CEB37B21212892B80028A4A3 /* Calculadora */,
				CEB37B36212892B80028A4A3 /* CalculadoraTests */,
				CEB37B41212892B80028A4A3 /* CalculadoraUITests */,
				CEB37B20212892B80028A4A3 /* Products */,
			);
			sourceTree = "<group>";
		};
		CEB37B20212892B80028A4A3 /* Products */ = {
			isa = PBXGroup;
			children = (
				CEB37B1F212892B80028A4A3 /* Calculadora.app */,
				CEB37B33212892B80028A4A3 /* CalculadoraTests.xctest */,
				CEB37B3E212892B80028A4A3 /* CalculadoraUITests.xctest */,
			);
			name = Products;
			sourceTree = "<group>";
		};
		CEB37B21212892B80028A4A3 /* Calculadora */ = {
			isa = PBXGroup;
			children = (
				CEB37B22212892B80028A4A3 /* AppDelegate.swift */,
				CEB37B24212892B80028A4A3 /* ViewController.swift */,
				CEB37B26212892B80028A4A3 /* Main.storyboard */,
				CEB37B29212892B80028A4A3 /* Assets.xcassets */,
				CEB37B2B212892B80028A4A3 /* LaunchScreen.storyboard */,
				CEB37B2E212892B80028A4A3 /* Info.plist */,
			);
			path = Calculadora;
			sourceTree = "<group>";
		};
		CEB37B36212892B80028A4A3 /* CalculadoraTests */ = {
			isa = PBXGroup;
			children = (
				CEB37B37212892B80028A4A3 /* CalculadoraTests.swift */,
				CEB37B39212892B80028A4A3 /* Info.plist */,
			);
			path = CalculadoraTests;
			sourceTree = "<group>";
		};
		CEB37B41212892B80028A4A3 /* CalculadoraUITests */ = {
			isa = PBXGroup;
			children = (
				CEB37B42212892B80028A4A3 /* CalculadoraUITests.swift */,
				CEB37B44212892B80028A4A3 /* Info.plist */,
			);
			path = CalculadoraUITests;
			sourceTree = "<group>";
		};
/* End PBXGroup section */

/* Begin PBXNativeTarget section */
		CEB37B1E212892B70028A4A3 /* Calculadora */ = {
			isa = PBXNativeTarget;
			buildConfigurationList = CEB37B47212892B80028A4A3 /* Build configuration list for PBXNativeTarget "Calculadora" */;
			buildPhases = (
				CEB37B1B212892B70028A4A3 /* Sources */,
				CEB37B1C212892B70028A4A3 /* Frameworks */,
				CEB37B1D212892B70028A4A3 /* Resources */,
			);
			buildRules = (
			);
			dependencies = (
			);
			name = Calculadora;
			productName = Calculadora;
			productReference = CEB37B1F212892B80028A4A3 /* Calculadora.app */;
			productType = "com.apple.product-type.application";
		};
		CEB37B32212892B80028A4A3 /* CalculadoraTests */ = {
			isa = PBXNativeTarget;
			buildConfigurationList = CEB37B4A212892B80028A4A3 /* Build configuration list for PBXNativeTarget "CalculadoraTests" */;
			buildPhases = (
				CEB37B2F212892B80028A4A3 /* Sources */,
				CEB37B30212892B80028A4A3 /* Frameworks */,
				CEB37B31212892B80028A4A3 /* Resources */,
			);
			buildRules = (
			);
			dependencies = (
				CEB37B35212892B80028A4A3 /* PBXTargetDependency */,
			);
			name = CalculadoraTests;
			productName = CalculadoraTests;
			productReference = CEB37B33212892B80028A4A3 /* CalculadoraTests.xctest */;
			productType = "com.apple.product-type.bundle.unit-test";
		};
		CEB37B3D212892B80028A4A3 /* CalculadoraUITests */ = {
			isa = PBXNativeTarget;
			buildConfigurationList = CEB37B4D212892B80028A4A3 /* Build configuration list for PBXNativeTarget "CalculadoraUITests" */;
			buildPhases = (
				CEB37B3A212892B80028A4A3 /* Sources */,
				CEB37B3B212892B80028A4A3 /* Frameworks */,
				CEB37B3C212892B80028A4A3 /* Resources */,
			);
			buildRules = (
			);
			dependencies = (
				CEB37B40212892B80028A4A3 /* PBXTargetDependency */,
			);
			name = CalculadoraUITests;
			productName = CalculadoraUITests;
			productReference = CEB37B3E212892B80028A4A3 /* CalculadoraUITests.xctest */;
			productType = "com.apple.product-type.bundle.ui-testing";
		};
/* End PBXNativeTarget section */

/* Begin PBXProject section */
		CEB37B17212892B70028A4A3 /* Project object */ = {
			isa = PBXProject;
			attributes = {
				KnownAssetTags = (
					AC,
				);
				LastSwiftUpdateCheck = 0940;
				LastUpgradeCheck = 0940;
				ORGANIZATIONNAME = "Axel Cervantes";
				TargetAttributes = {
					CEB37B1E212892B70028A4A3 = {
						CreatedOnToolsVersion = 9.4.1;
					};
					CEB37B32212892B80028A4A3 = {
						CreatedOnToolsVersion = 9.4.1;
						TestTargetID = CEB37B1E212892B70028A4A3;
					};
					CEB37B3D212892B80028A4A3 = {
						CreatedOnToolsVersion = 9.4.1;
						TestTargetID = CEB37B1E212892B70028A4A3;
					};
				};
			};
			buildConfigurationList = CEB37B1A212892B70028A4A3 /* Build configuration list for PBXProject "Calculadora" */;
			compatibilityVersion = "Xcode 9.3";
			developmentRegion = en;
			hasScannedForEncodings = 0;
			knownRegions = (
				en,
				Base,
			);
			mainGroup = CEB37B16212892B70028A4A3;
			productRefGroup = CEB37B20212892B80028A4A3 /* Products */;
			projectDirPath = "";
			projectRoot = "";
			targets = (
				CEB37B1E212892B70028A4A3 /* Calculadora */,
				CEB37B32212892B80028A4A3 /* CalculadoraTests */,
				CEB37B3D212892B80028A4A3 /* CalculadoraUITests */,
			);
		};
/* End PBXProject section */

/* Begin PBXResourcesBuildPhase section */
		CEB37B1D212892B70028A4A3 /* Resources */ = {
			isa = PBXResourcesBuildPhase;
			buildActionMask = 2147483647;
			files = (
				CEB37B2D212892B80028A4A3 /* LaunchScreen.storyboard in Resources */,
				CEB37B2A212892B80028A4A3 /* Assets.xcassets in Resources */,
				CEB37B28212892B80028A4A3 /* Main.storyboard in Resources */,
			);
			runOnlyForDeploymentPostprocessing = 0;
		};
		CEB37B31212892B80028A4A3 /* Resources */ = {
			isa = PBXResourcesBuildPhase;
			buildActionMask = 2147483647;
			files = (
			);
			runOnlyForDeploymentPostprocessing = 0;
		};
		CEB37B3C212892B80028A4A3 /* Resources */ = {
			isa = PBXResourcesBuildPhase;
			buildActionMask = 2147483647;
			files = (
			);
			runOnlyForDeploymentPostprocessing = 0;
		};
/* End PBXResourcesBuildPhase section */

/* Begin PBXSourcesBuildPhase section */
		CEB37B1B212892B70028A4A3 /* Sources */ = {
			isa = PBXSourcesBuildPhase;
			buildActionMask = 2147483647;
			files = (
				CEB37B25212892B80028A4A3 /* ViewController.swift in Sources */,
				CEB37B23212892B80028A4A3 /* AppDelegate.swift in Sources */,
			);
			runOnlyForDeploymentPostprocessing = 0;
		};
		CEB37B2F212892B80028A4A3 /* Sources */ = {
			isa = PBXSourcesBuildPhase;
			buildActionMask = 2147483647;
			files = (
				CEB37B38212892B80028A4A3 /* CalculadoraTests.swift in Sources */,
			);
			runOnlyForDeploymentPostprocessing = 0;
		};
		CEB37B3A212892B80028A4A3 /* Sources */ = {
			isa = PBXSourcesBuildPhase;
			buildActionMask = 2147483647;
			files = (
				CEB37B43212892B80028A4A3 /* CalculadoraUITests.swift in Sources */,
			);
			runOnlyForDeploymentPostprocessing = 0;
		};
/* End PBXSourcesBuildPhase section */

/* Begin PBXTargetDependency section */
		CEB37B35212892B80028A4A3 /* PBXTargetDependency */ = {
			isa = PBXTargetDependency;
			target = CEB37B1E212892B70028A4A3 /* Calculadora */;
			targetProxy = CEB37B34212892B80028A4A3 /* PBXContainerItemProxy */;
		};
		CEB37B40212892B80028A4A3 /* PBXTargetDependency */ = {
			isa = PBXTargetDependency;
			target = CEB37B1E212892B70028A4A3 /* Calculadora */;
			targetProxy = CEB37B3F212892B80028A4A3 /* PBXContainerItemProxy */;
		};
/* End PBXTargetDependency section */

/* Begin PBXVariantGroup section */
		CEB37B26212892B80028A4A3 /* Main.storyboard */ = {
			isa = PBXVariantGroup;
			children = (
				CEB37B27212892B80028A4A3 /* Base */,
			);
			name = Main.storyboard;
			sourceTree = "<group>";
		};
		CEB37B2B212892B80028A4A3 /* LaunchScreen.storyboard */ = {
			isa = PBXVariantGroup;
			children = (
				CEB37B2C212892B80028A4A3 /* Base */,
			);
			name = LaunchScreen.storyboard;
			sourceTree = "<group>";
		};
/* End PBXVariantGroup section */

/* Begin XCBuildConfiguration section */
		CEB37B45212892B80028A4A3 /* Debug */ = {
			isa = XCBuildConfiguration;
			buildSettings = {
				ALWAYS_SEARCH_USER_PATHS = NO;
				CLANG_ANALYZER_NONNULL = YES;
				CLANG_ANALYZER_NUMBER_OBJECT_CONVERSION = YES_AGGRESSIVE;
				CLANG_CXX_LANGUAGE_STANDARD = "gnu++14";
				CLANG_CXX_LIBRARY = "libc++";
				CLANG_ENABLE_MODULES = YES;
				CLANG_ENABLE_OBJC_ARC = YES;
				CLANG_ENABLE_OBJC_WEAK = YES;
				CLANG_WARN_BLOCK_CAPTURE_AUTORELEASING = YES;
				CLANG_WARN_BOOL_CONVERSION = YES;
				CLANG_WARN_COMMA = YES;
				CLANG_WARN_CONSTANT_CONVERSION = YES;
				CLANG_WARN_DEPRECATED_OBJC_IMPLEMENTATIONS = YES;
				CLANG_WARN_DIRECT_OBJC_ISA_USAGE = YES_ERROR;
				CLANG_WARN_DOCUMENTATION_COMMENTS = YES;
				CLANG_WARN_EMPTY_BODY = YES;
				CLANG_WARN_ENUM_CONVERSION = YES;
				CLANG_WARN_INFINITE_RECURSION = YES;
				CLANG_WARN_INT_CONVERSION = YES;
				CLANG_WARN_NON_LITERAL_NULL_CONVERSION = YES;
				CLANG_WARN_OBJC_IMPLICIT_RETAIN_SELF = YES;
				CLANG_WARN_OBJC_LITERAL_CONVERSION = YES;
				CLANG_WARN_OBJC_ROOT_CLASS = YES_ERROR;
				CLANG_WARN_RANGE_LOOP_ANALYSIS = YES;
				CLANG_WARN_STRICT_PROTOTYPES = YES;
				CLANG_WARN_SUSPICIOUS_MOVE = YES;
				CLANG_WARN_UNGUARDED_AVAILABILITY = YES_AGGRESSIVE;
				CLANG_WARN_UNREACHABLE_CODE = YES;
				CLANG_WARN__DUPLICATE_METHOD_MATCH = YES;
				CODE_SIGN_IDENTITY = "iPhone Developer";
				COPY_PHASE_STRIP = NO;
				DEBUG_INFORMATION_FORMAT = dwarf;
				ENABLE_STRICT_OBJC_MSGSEND = YES;
				ENABLE_TESTABILITY = YES;
				GCC_C_LANGUAGE_STANDARD = gnu11;
				GCC_DYNAMIC_NO_PIC = NO;
				GCC_NO_COMMON_BLOCKS = YES;
				GCC_OPTIMIZATION_LEVEL = 0;
				GCC_PREPROCESSOR_DEFINITIONS = (
					"DEBUG=1",
					"$(inherited)",
				);
				GCC_WARN_64_TO_32_BIT_CONVERSION = YES;
				GCC_WARN_ABOUT_RETURN_TYPE = YES_ERROR;
				GCC_WARN_UNDECLARED_SELECTOR = YES;
				GCC_WARN_UNINITIALIZED_AUTOS = YES_AGGRESSIVE;
				GCC_WARN_UNUSED_FUNCTION = YES;
				GCC_WARN_UNUSED_VARIABLE = YES;
				IPHONEOS_DEPLOYMENT_TARGET = 11.4;
				MTL_ENABLE_DEBUG_INFO = YES;
				ONLY_ACTIVE_ARCH = YES;
				SDKROOT = iphoneos;
				SWIFT_ACTIVE_COMPILATION_CONDITIONS = DEBUG;
				SWIFT_OPTIMIZATION_LEVEL = "-Onone";
			};
			name = Debug;
		};
		CEB37B46212892B80028A4A3 /* Release */ = {
			isa = XCBuildConfiguration;
			buildSettings = {
				ALWAYS_SEARCH_USER_PATHS = NO;
				CLANG_ANALYZER_NONNULL = YES;
				CLANG_ANALYZER_NUMBER_OBJECT_CONVERSION = YES_AGGRESSIVE;
				CLANG_CXX_LANGUAGE_STANDARD = "gnu++14";
				CLANG_CXX_LIBRARY = "libc++";
				CLANG_ENABLE_MODULES = YES;
				CLANG_ENABLE_OBJC_ARC = YES;
				CLANG_ENABLE_OBJC_WEAK = YES;
				CLANG_WARN_BLOCK_CAPTURE_AUTORELEASING = YES;
				CLANG_WARN_BOOL_CONVERSION = YES;
				CLANG_WARN_COMMA = YES;
				CLANG_WARN_CONSTANT_CONVERSION = YES;
				CLANG_WARN_DEPRECATED_OBJC_IMPLEMENTATIONS = YES;
				CLANG_WARN_DIRECT_OBJC_ISA_USAGE = YES_ERROR;
				CLANG_WARN_DOCUMENTATION_COMMENTS = YES;
				CLANG_WARN_EMPTY_BODY = YES;
				CLANG_WARN_ENUM_CONVERSION = YES;
				CLANG_WARN_INFINITE_RECURSION = YES;
				CLANG_WARN_INT_CONVERSION = YES;
				CLANG_WARN_NON_LITERAL_NULL_CONVERSION = YES;
				CLANG_WARN_OBJC_IMPLICIT_RETAIN_SELF = YES;
				CLANG_WARN_OBJC_LITERAL_CONVERSION = YES;
				CLANG_WARN_OBJC_ROOT_CLASS = YES_ERROR;
				CLANG_WARN_RANGE_LOOP_ANALYSIS = YES;
				CLANG_WARN_STRICT_PROTOTYPES = YES;
				CLANG_WARN_SUSPICIOUS_MOVE = YES;
				CLANG_WARN_UNGUARDED_AVAILABILITY = YES_AGGRESSIVE;
				CLANG_WARN_UNREACHABLE_CODE = YES;
				CLANG_WARN__DUPLICATE_METHOD_MATCH = YES;
				CODE_SIGN_IDENTITY = "iPhone Developer";
				COPY_PHASE_STRIP = NO;
				DEBUG_INFORMATION_FORMAT = "dwarf-with-dsym";
				ENABLE_NS_ASSERTIONS = NO;
				ENABLE_STRICT_OBJC_MSGSEND = YES;
				GCC_C_LANGUAGE_STANDARD = gnu11;
				GCC_NO_COMMON_BLOCKS = YES;
				GCC_WARN_64_TO_32_BIT_CONVERSION = YES;
				GCC_WARN_ABOUT_RETURN_TYPE = YES_ERROR;
				GCC_WARN_UNDECLARED_SELECTOR = YES;
				GCC_WARN_UNINITIALIZED_AUTOS = YES_AGGRESSIVE;
				GCC_WARN_UNUSED_FUNCTION = YES;
				GCC_WARN_UNUSED_VARIABLE = YES;
				IPHONEOS_DEPLOYMENT_TARGET = 11.4;
				MTL_ENABLE_DEBUG_INFO = NO;
				SDKROOT = iphoneos;
				SWIFT_COMPILATION_MODE = wholemodule;
				SWIFT_OPTIMIZATION_LEVEL = "-O";
				VALIDATE_PRODUCT = YES;
			};
			name = Release;
		};
		CEB37B48212892B80028A4A3 /* Debug */ = {
			isa = XCBuildConfiguration;
			buildSettings = {
				ASSETCATALOG_COMPILER_APPICON_NAME = AppIcon;
				CODE_SIGN_STYLE = Automatic;
				INFOPLIST_FILE = Calculadora/Info.plist;
				LD_RUNPATH_SEARCH_PATHS = (
					"$(inherited)",
					"@executable_path/Frameworks",
				);
				PRODUCT_BUNDLE_IDENTIFIER = chinomx.Calculadora;
				PRODUCT_NAME = "$(TARGET_NAME)";
				SWIFT_VERSION = 4.0;
				TARGETED_DEVICE_FAMILY = "1,2";
			};
			name = Debug;
		};
		CEB37B49212892B80028A4A3 /* Release */ = {
			isa = XCBuildConfiguration;
			buildSettings = {
				ASSETCATALOG_COMPILER_APPICON_NAME = AppIcon;
				CODE_SIGN_STYLE = Automatic;
				INFOPLIST_FILE = Calculadora/Info.plist;
				LD_RUNPATH_SEARCH_PATHS = (
					"$(inherited)",
					"@executable_path/Frameworks",
				);
				PRODUCT_BUNDLE_IDENTIFIER = chinomx.Calculadora;
				PRODUCT_NAME = "$(TARGET_NAME)";
				SWIFT_VERSION = 4.0;
				TARGETED_DEVICE_FAMILY = "1,2";
			};
			name = Release;
		};
		CEB37B4B212892B80028A4A3 /* Debug */ = {
			isa = XCBuildConfiguration;
			buildSettings = {
				ALWAYS_EMBED_SWIFT_STANDARD_LIBRARIES = YES;
				BUNDLE_LOADER = "$(TEST_HOST)";
				CODE_SIGN_STYLE = Automatic;
				INFOPLIST_FILE = CalculadoraTests/Info.plist;
				LD_RUNPATH_SEARCH_PATHS = (
					"$(inherited)",
					"@executable_path/Frameworks",
					"@loader_path/Frameworks",
				);
				PRODUCT_BUNDLE_IDENTIFIER = chinomx.CalculadoraTests;
				PRODUCT_NAME = "$(TARGET_NAME)";
				SWIFT_VERSION = 4.0;
				TARGETED_DEVICE_FAMILY = "1,2";
				TEST_HOST = "$(BUILT_PRODUCTS_DIR)/Calculadora.app/Calculadora";
			};
			name = Debug;
		};
		CEB37B4C212892B80028A4A3 /* Release */ = {
			isa = XCBuildConfiguration;
			buildSettings = {
				ALWAYS_EMBED_SWIFT_STANDARD_LIBRARIES = YES;
				BUNDLE_LOADER = "$(TEST_HOST)";
				CODE_SIGN_STYLE = Automatic;
				INFOPLIST_FILE = CalculadoraTests/Info.plist;
				LD_RUNPATH_SEARCH_PATHS = (
					"$(inherited)",
					"@executable_path/Frameworks",
					"@loader_path/Frameworks",
				);
				PRODUCT_BUNDLE_IDENTIFIER = chinomx.CalculadoraTests;
				PRODUCT_NAME = "$(TARGET_NAME)";
				SWIFT_VERSION = 4.0;
				TARGETED_DEVICE_FAMILY = "1,2";
				TEST_HOST = "$(BUILT_PRODUCTS_DIR)/Calculadora.app/Calculadora";
			};
			name = Release;
		};
		CEB37B4E212892B80028A4A3 /* Debug */ = {
			isa = XCBuildConfiguration;
			buildSettings = {
				ALWAYS_EMBED_SWIFT_STANDARD_LIBRARIES = YES;
				CODE_SIGN_STYLE = Automatic;
				INFOPLIST_FILE = CalculadoraUITests/Info.plist;
				LD_RUNPATH_SEARCH_PATHS = (
					"$(inherited)",
					"@executable_path/Frameworks",
					"@loader_path/Frameworks",
				);
				PRODUCT_BUNDLE_IDENTIFIER = chinomx.CalculadoraUITests;
				PRODUCT_NAME = "$(TARGET_NAME)";
				SWIFT_VERSION = 4.0;
				TARGETED_DEVICE_FAMILY = "1,2";
				TEST_TARGET_NAME = Calculadora;
			};
			name = Debug;
		};
		CEB37B4F212892B80028A4A3 /* Release */ = {
			isa = XCBuildConfiguration;
			buildSettings = {
				ALWAYS_EMBED_SWIFT_STANDARD_LIBRARIES = YES;
				CODE_SIGN_STYLE = Automatic;
				INFOPLIST_FILE = CalculadoraUITests/Info.plist;
				LD_RUNPATH_SEARCH_PATHS = (
					"$(inherited)",
					"@executable_path/Frameworks",
					"@loader_path/Frameworks",
				);
				PRODUCT_BUNDLE_IDENTIFIER = chinomx.CalculadoraUITests;
				PRODUCT_NAME = "$(TARGET_NAME)";
				SWIFT_VERSION = 4.0;
				TARGETED_DEVICE_FAMILY = "1,2";
				TEST_TARGET_NAME = Calculadora;
			};
			name = Release;
		};
/* End XCBuildConfiguration section */

/* Begin XCConfigurationList section */
		CEB37B1A212892B70028A4A3 /* Build configuration list for PBXProject "Calculadora" */ = {
			isa = XCConfigurationList;
			buildConfigurations = (
				CEB37B45212892B80028A4A3 /* Debug */,
				CEB37B46212892B80028A4A3 /* Release */,
			);
			defaultConfigurationIsVisible = 0;
			defaultConfigurationName = Release;
		};
		CEB37B47212892B80028A4A3 /* Build configuration list for PBXNativeTarget "Calculadora" */ = {
			isa = XCConfigurationList;
			buildConfigurations = (
				CEB37B48212892B80028A4A3 /* Debug */,
				CEB37B49212892B80028A4A3 /* Release */,
			);
			defaultConfigurationIsVisible = 0;
			defaultConfigurationName = Release;
		};
		CEB37B4A212892B80028A4A3 /* Build configuration list for PBXNativeTarget "CalculadoraTests" */ = {
			isa = XCConfigurationList;
			buildConfigurations = (
				CEB37B4B212892B80028A4A3 /* Debug */,
				CEB37B4C212892B80028A4A3 /* Release */,
			);
			defaultConfigurationIsVisible = 0;
			defaultConfigurationName = Release;
		};
		CEB37B4D212892B80028A4A3 /* Build configuration list for PBXNativeTarget "CalculadoraUITests" */ = {
			isa = XCConfigurationList;
			buildConfigurations = (
				CEB37B4E212892B80028A4A3 /* Debug */,
				CEB37B4F212892B80028A4A3 /* Release */,
			);
			defaultConfigurationIsVisible = 0;
			defaultConfigurationName = Release;
		};
/* End XCConfigurationList section */
	};
	rootObject = CEB37B17212892B70028A4A3 /* Project object */;
}
