// !$*UTF8*$!
{
	archiveVersion = 1;
	classes = {
	};
	objectVersion = 50;
	objects = {

/* Begin PBXBuildFile section */
		CE17EFE3211F2F05002FB3A6 /* AppDelegate.swift in Sources */ = {isa = PBXBuildFile; fileRef = CE17EFE2211F2F05002FB3A6 /* AppDelegate.swift */; };
		CE17EFE5211F2F05002FB3A6 /* ViewController.swift in Sources */ = {isa = PBXBuildFile; fileRef = CE17EFE4211F2F05002FB3A6 /* ViewController.swift */; };
		CE17EFE8211F2F05002FB3A6 /* Main.storyboard in Resources */ = {isa = PBXBuildFile; fileRef = CE17EFE6211F2F05002FB3A6 /* Main.storyboard */; };
		CE17EFEA211F2F06002FB3A6 /* Assets.xcassets in Resources */ = {isa = PBXBuildFile; fileRef = CE17EFE9211F2F06002FB3A6 /* Assets.xcassets */; };
		CE17EFED211F2F06002FB3A6 /* LaunchScreen.storyboard in Resources */ = {isa = PBXBuildFile; fileRef = CE17EFEB211F2F06002FB3A6 /* LaunchScreen.storyboard */; };
		CE17EFF8211F2F06002FB3A6 /* ColorViewTests.swift in Sources */ = {isa = PBXBuildFile; fileRef = CE17EFF7211F2F06002FB3A6 /* ColorViewTests.swift */; };
		CE17F003211F2F06002FB3A6 /* ColorViewUITests.swift in Sources */ = {isa = PBXBuildFile; fileRef = CE17F002211F2F06002FB3A6 /* ColorViewUITests.swift */; };
/* End PBXBuildFile section */

/* Begin PBXContainerItemProxy section */
		CE17EFF4211F2F06002FB3A6 /* PBXContainerItemProxy */ = {
			isa = PBXContainerItemProxy;
			containerPortal = CE17EFD7211F2F05002FB3A6 /* Project object */;
			proxyType = 1;
			remoteGlobalIDString = CE17EFDE211F2F05002FB3A6;
			remoteInfo = ColorView;
		};
		CE17EFFF211F2F06002FB3A6 /* PBXContainerItemProxy */ = {
			isa = PBXContainerItemProxy;
			containerPortal = CE17EFD7211F2F05002FB3A6 /* Project object */;
			proxyType = 1;
			remoteGlobalIDString = CE17EFDE211F2F05002FB3A6;
			remoteInfo = ColorView;
		};
/* End PBXContainerItemProxy section */

/* Begin PBXFileReference section */
		CE17EFDF211F2F05002FB3A6 /* ColorView.app */ = {isa = PBXFileReference; explicitFileType = wrapper.application; includeInIndex = 0; path = ColorView.app; sourceTree = BUILT_PRODUCTS_DIR; };
		CE17EFE2211F2F05002FB3A6 /* AppDelegate.swift */ = {isa = PBXFileReference; lastKnownFileType = sourcecode.swift; path = AppDelegate.swift; sourceTree = "<group>"; };
		CE17EFE4211F2F05002FB3A6 /* ViewController.swift */ = {isa = PBXFileReference; lastKnownFileType = sourcecode.swift; path = ViewController.swift; sourceTree = "<group>"; };
		CE17EFE7211F2F05002FB3A6 /* Base */ = {isa = PBXFileReference; lastKnownFileType = file.storyboard; name = Base; path = Base.lproj/Main.storyboard; sourceTree = "<group>"; };
		CE17EFE9211F2F06002FB3A6 /* Assets.xcassets */ = {isa = PBXFileReference; lastKnownFileType = folder.assetcatalog; path = Assets.xcassets; sourceTree = "<group>"; };
		CE17EFEC211F2F06002FB3A6 /* Base */ = {isa = PBXFileReference; lastKnownFileType = file.storyboard; name = Base; path = Base.lproj/LaunchScreen.storyboard; sourceTree = "<group>"; };
		CE17EFEE211F2F06002FB3A6 /* Info.plist */ = {isa = PBXFileReference; lastKnownFileType = text.plist.xml; path = Info.plist; sourceTree = "<group>"; };
		CE17EFF3211F2F06002FB3A6 /* ColorViewTests.xctest */ = {isa = PBXFileReference; explicitFileType = wrapper.cfbundle; includeInIndex = 0; path = ColorViewTests.xctest; sourceTree = BUILT_PRODUCTS_DIR; };
		CE17EFF7211F2F06002FB3A6 /* ColorViewTests.swift */ = {isa = PBXFileReference; lastKnownFileType = sourcecode.swift; path = ColorViewTests.swift; sourceTree = "<group>"; };
		CE17EFF9211F2F06002FB3A6 /* Info.plist */ = {isa = PBXFileReference; lastKnownFileType = text.plist.xml; path = Info.plist; sourceTree = "<group>"; };
		CE17EFFE211F2F06002FB3A6 /* ColorViewUITests.xctest */ = {isa = PBXFileReference; explicitFileType = wrapper.cfbundle; includeInIndex = 0; path = ColorViewUITests.xctest; sourceTree = BUILT_PRODUCTS_DIR; };
		CE17F002211F2F06002FB3A6 /* ColorViewUITests.swift */ = {isa = PBXFileReference; lastKnownFileType = sourcecode.swift; path = ColorViewUITests.swift; sourceTree = "<group>"; };
		CE17F004211F2F06002FB3A6 /* Info.plist */ = {isa = PBXFileReference; lastKnownFileType = text.plist.xml; path = Info.plist; sourceTree = "<group>"; };
/* End PBXFileReference section */

/* Begin PBXFrameworksBuildPhase section */
		CE17EFDC211F2F05002FB3A6 /* Frameworks */ = {
			isa = PBXFrameworksBuildPhase;
			buildActionMask = 2147483647;
			files = (
			);
			runOnlyForDeploymentPostprocessing = 0;
		};
		CE17EFF0211F2F06002FB3A6 /* Frameworks */ = {
			isa = PBXFrameworksBuildPhase;
			buildActionMask = 2147483647;
			files = (
			);
			runOnlyForDeploymentPostprocessing = 0;
		};
		CE17EFFB211F2F06002FB3A6 /* Frameworks */ = {
			isa = PBXFrameworksBuildPhase;
			buildActionMask = 2147483647;
			files = (
			);
			runOnlyForDeploymentPostprocessing = 0;
		};
/* End PBXFrameworksBuildPhase section */

/* Begin PBXGroup section */
		CE17EFD6211F2F05002FB3A6 = {
			isa = PBXGroup;
			children = (
				CE17EFE1211F2F05002FB3A6 /* ColorView */,
				CE17EFF6211F2F06002FB3A6 /* ColorViewTests */,
				CE17F001211F2F06002FB3A6 /* ColorViewUITests */,
				CE17EFE0211F2F05002FB3A6 /* Products */,
			);
			sourceTree = "<group>";
		};
		CE17EFE0211F2F05002FB3A6 /* Products */ = {
			isa = PBXGroup;
			children = (
				CE17EFDF211F2F05002FB3A6 /* ColorView.app */,
				CE17EFF3211F2F06002FB3A6 /* ColorViewTests.xctest */,
				CE17EFFE211F2F06002FB3A6 /* ColorViewUITests.xctest */,
			);
			name = Products;
			sourceTree = "<group>";
		};
		CE17EFE1211F2F05002FB3A6 /* ColorView */ = {
			isa = PBXGroup;
			children = (
				CE17EFE2211F2F05002FB3A6 /* AppDelegate.swift */,
				CE17EFE4211F2F05002FB3A6 /* ViewController.swift */,
				CE17EFE6211F2F05002FB3A6 /* Main.storyboard */,
				CE17EFE9211F2F06002FB3A6 /* Assets.xcassets */,
				CE17EFEB211F2F06002FB3A6 /* LaunchScreen.storyboard */,
				CE17EFEE211F2F06002FB3A6 /* Info.plist */,
			);
			path = ColorView;
			sourceTree = "<group>";
		};
		CE17EFF6211F2F06002FB3A6 /* ColorViewTests */ = {
			isa = PBXGroup;
			children = (
				CE17EFF7211F2F06002FB3A6 /* ColorViewTests.swift */,
				CE17EFF9211F2F06002FB3A6 /* Info.plist */,
			);
			path = ColorViewTests;
			sourceTree = "<group>";
		};
		CE17F001211F2F06002FB3A6 /* ColorViewUITests */ = {
			isa = PBXGroup;
			children = (
				CE17F002211F2F06002FB3A6 /* ColorViewUITests.swift */,
				CE17F004211F2F06002FB3A6 /* Info.plist */,
			);
			path = ColorViewUITests;
			sourceTree = "<group>";
		};
/* End PBXGroup section */

/* Begin PBXNativeTarget section */
		CE17EFDE211F2F05002FB3A6 /* ColorView */ = {
			isa = PBXNativeTarget;
			buildConfigurationList = CE17F007211F2F06002FB3A6 /* Build configuration list for PBXNativeTarget "ColorView" */;
			buildPhases = (
				CE17EFDB211F2F05002FB3A6 /* Sources */,
				CE17EFDC211F2F05002FB3A6 /* Frameworks */,
				CE17EFDD211F2F05002FB3A6 /* Resources */,
			);
			buildRules = (
			);
			dependencies = (
			);
			name = ColorView;
			productName = ColorView;
			productReference = CE17EFDF211F2F05002FB3A6 /* ColorView.app */;
			productType = "com.apple.product-type.application";
		};
		CE17EFF2211F2F06002FB3A6 /* ColorViewTests */ = {
			isa = PBXNativeTarget;
			buildConfigurationList = CE17F00A211F2F06002FB3A6 /* Build configuration list for PBXNativeTarget "ColorViewTests" */;
			buildPhases = (
				CE17EFEF211F2F06002FB3A6 /* Sources */,
				CE17EFF0211F2F06002FB3A6 /* Frameworks */,
				CE17EFF1211F2F06002FB3A6 /* Resources */,
			);
			buildRules = (
			);
			dependencies = (
				CE17EFF5211F2F06002FB3A6 /* PBXTargetDependency */,
			);
			name = ColorViewTests;
			productName = ColorViewTests;
			productReference = CE17EFF3211F2F06002FB3A6 /* ColorViewTests.xctest */;
			productType = "com.apple.product-type.bundle.unit-test";
		};
		CE17EFFD211F2F06002FB3A6 /* ColorViewUITests */ = {
			isa = PBXNativeTarget;
			buildConfigurationList = CE17F00D211F2F06002FB3A6 /* Build configuration list for PBXNativeTarget "ColorViewUITests" */;
			buildPhases = (
				CE17EFFA211F2F06002FB3A6 /* Sources */,
				CE17EFFB211F2F06002FB3A6 /* Frameworks */,
				CE17EFFC211F2F06002FB3A6 /* Resources */,
			);
			buildRules = (
			);
			dependencies = (
				CE17F000211F2F06002FB3A6 /* PBXTargetDependency */,
			);
			name = ColorViewUITests;
			productName = ColorViewUITests;
			productReference = CE17EFFE211F2F06002FB3A6 /* ColorViewUITests.xctest */;
			productType = "com.apple.product-type.bundle.ui-testing";
		};
/* End PBXNativeTarget section */

/* Begin PBXProject section */
		CE17EFD7211F2F05002FB3A6 /* Project object */ = {
			isa = PBXProject;
			attributes = {
				LastSwiftUpdateCheck = 0940;
				LastUpgradeCheck = 0940;
				ORGANIZATIONNAME = "Axel Cervantes";
				TargetAttributes = {
					CE17EFDE211F2F05002FB3A6 = {
						CreatedOnToolsVersion = 9.4.1;
					};
					CE17EFF2211F2F06002FB3A6 = {
						CreatedOnToolsVersion = 9.4.1;
						TestTargetID = CE17EFDE211F2F05002FB3A6;
					};
					CE17EFFD211F2F06002FB3A6 = {
						CreatedOnToolsVersion = 9.4.1;
						TestTargetID = CE17EFDE211F2F05002FB3A6;
					};
				};
			};
			buildConfigurationList = CE17EFDA211F2F05002FB3A6 /* Build configuration list for PBXProject "ColorView" */;
			compatibilityVersion = "Xcode 9.3";
			developmentRegion = en;
			hasScannedForEncodings = 0;
			knownRegions = (
				en,
				Base,
			);
			mainGroup = CE17EFD6211F2F05002FB3A6;
			productRefGroup = CE17EFE0211F2F05002FB3A6 /* Products */;
			projectDirPath = "";
			projectRoot = "";
			targets = (
				CE17EFDE211F2F05002FB3A6 /* ColorView */,
				CE17EFF2211F2F06002FB3A6 /* ColorViewTests */,
				CE17EFFD211F2F06002FB3A6 /* ColorViewUITests */,
			);
		};
/* End PBXProject section */

/* Begin PBXResourcesBuildPhase section */
		CE17EFDD211F2F05002FB3A6 /* Resources */ = {
			isa = PBXResourcesBuildPhase;
			buildActionMask = 2147483647;
			files = (
				CE17EFED211F2F06002FB3A6 /* LaunchScreen.storyboard in Resources */,
				CE17EFEA211F2F06002FB3A6 /* Assets.xcassets in Resources */,
				CE17EFE8211F2F05002FB3A6 /* Main.storyboard in Resources */,
			);
			runOnlyForDeploymentPostprocessing = 0;
		};
		CE17EFF1211F2F06002FB3A6 /* Resources */ = {
			isa = PBXResourcesBuildPhase;
			buildActionMask = 2147483647;
			files = (
			);
			runOnlyForDeploymentPostprocessing = 0;
		};
		CE17EFFC211F2F06002FB3A6 /* Resources */ = {
			isa = PBXResourcesBuildPhase;
			buildActionMask = 2147483647;
			files = (
			);
			runOnlyForDeploymentPostprocessing = 0;
		};
/* End PBXResourcesBuildPhase section */

/* Begin PBXSourcesBuildPhase section */
		CE17EFDB211F2F05002FB3A6 /* Sources */ = {
			isa = PBXSourcesBuildPhase;
			buildActionMask = 2147483647;
			files = (
				CE17EFE5211F2F05002FB3A6 /* ViewController.swift in Sources */,
				CE17EFE3211F2F05002FB3A6 /* AppDelegate.swift in Sources */,
			);
			runOnlyForDeploymentPostprocessing = 0;
		};
		CE17EFEF211F2F06002FB3A6 /* Sources */ = {
			isa = PBXSourcesBuildPhase;
			buildActionMask = 2147483647;
			files = (
				CE17EFF8211F2F06002FB3A6 /* ColorViewTests.swift in Sources */,
			);
			runOnlyForDeploymentPostprocessing = 0;
		};
		CE17EFFA211F2F06002FB3A6 /* Sources */ = {
			isa = PBXSourcesBuildPhase;
			buildActionMask = 2147483647;
			files = (
				CE17F003211F2F06002FB3A6 /* ColorViewUITests.swift in Sources */,
			);
			runOnlyForDeploymentPostprocessing = 0;
		};
/* End PBXSourcesBuildPhase section */

/* Begin PBXTargetDependency section */
		CE17EFF5211F2F06002FB3A6 /* PBXTargetDependency */ = {
			isa = PBXTargetDependency;
			target = CE17EFDE211F2F05002FB3A6 /* ColorView */;
			targetProxy = CE17EFF4211F2F06002FB3A6 /* PBXContainerItemProxy */;
		};
		CE17F000211F2F06002FB3A6 /* PBXTargetDependency */ = {
			isa = PBXTargetDependency;
			target = CE17EFDE211F2F05002FB3A6 /* ColorView */;
			targetProxy = CE17EFFF211F2F06002FB3A6 /* PBXContainerItemProxy */;
		};
/* End PBXTargetDependency section */

/* Begin PBXVariantGroup section */
		CE17EFE6211F2F05002FB3A6 /* Main.storyboard */ = {
			isa = PBXVariantGroup;
			children = (
				CE17EFE7211F2F05002FB3A6 /* Base */,
			);
			name = Main.storyboard;
			sourceTree = "<group>";
		};
		CE17EFEB211F2F06002FB3A6 /* LaunchScreen.storyboard */ = {
			isa = PBXVariantGroup;
			children = (
				CE17EFEC211F2F06002FB3A6 /* Base */,
			);
			name = LaunchScreen.storyboard;
			sourceTree = "<group>";
		};
/* End PBXVariantGroup section */

/* Begin XCBuildConfiguration section */
		CE17F005211F2F06002FB3A6 /* Debug */ = {
			isa = XCBuildConfiguration;
			buildSettings = {
				ALWAYS_SEARCH_USER_PATHS = NO;
				CLANG_ANALYZER_NONNULL = YES;
				CLANG_ANALYZER_NUMBER_OBJECT_CONVERSION = YES_AGGRESSIVE;
				CLANG_CXX_LANGUAGE_STANDARD = "gnu++14";
				CLANG_CXX_LIBRARY = "libc++";
				CLANG_ENABLE_MODULES = YES;
				CLANG_ENABLE_OBJC_ARC = YES;
				CLANG_ENABLE_OBJC_WEAK = YES;
				CLANG_WARN_BLOCK_CAPTURE_AUTORELEASING = YES;
				CLANG_WARN_BOOL_CONVERSION = YES;
				CLANG_WARN_COMMA = YES;
				CLANG_WARN_CONSTANT_CONVERSION = YES;
				CLANG_WARN_DEPRECATED_OBJC_IMPLEMENTATIONS = YES;
				CLANG_WARN_DIRECT_OBJC_ISA_USAGE = YES_ERROR;
				CLANG_WARN_DOCUMENTATION_COMMENTS = YES;
				CLANG_WARN_EMPTY_BODY = YES;
				CLANG_WARN_ENUM_CONVERSION = YES;
				CLANG_WARN_INFINITE_RECURSION = YES;
				CLANG_WARN_INT_CONVERSION = YES;
				CLANG_WARN_NON_LITERAL_NULL_CONVERSION = YES;
				CLANG_WARN_OBJC_IMPLICIT_RETAIN_SELF = YES;
				CLANG_WARN_OBJC_LITERAL_CONVERSION = YES;
				CLANG_WARN_OBJC_ROOT_CLASS = YES_ERROR;
				CLANG_WARN_RANGE_LOOP_ANALYSIS = YES;
				CLANG_WARN_STRICT_PROTOTYPES = YES;
				CLANG_WARN_SUSPICIOUS_MOVE = YES;
				CLANG_WARN_UNGUARDED_AVAILABILITY = YES_AGGRESSIVE;
				CLANG_WARN_UNREACHABLE_CODE = YES;
				CLANG_WARN__DUPLICATE_METHOD_MATCH = YES;
				CODE_SIGN_IDENTITY = "iPhone Developer";
				COPY_PHASE_STRIP = NO;
				DEBUG_INFORMATION_FORMAT = dwarf;
				ENABLE_STRICT_OBJC_MSGSEND = YES;
				ENABLE_TESTABILITY = YES;
				GCC_C_LANGUAGE_STANDARD = gnu11;
				GCC_DYNAMIC_NO_PIC = NO;
				GCC_NO_COMMON_BLOCKS = YES;
				GCC_OPTIMIZATION_LEVEL = 0;
				GCC_PREPROCESSOR_DEFINITIONS = (
					"DEBUG=1",
					"$(inherited)",
				);
				GCC_WARN_64_TO_32_BIT_CONVERSION = YES;
				GCC_WARN_ABOUT_RETURN_TYPE = YES_ERROR;
				GCC_WARN_UNDECLARED_SELECTOR = YES;
				GCC_WARN_UNINITIALIZED_AUTOS = YES_AGGRESSIVE;
				GCC_WARN_UNUSED_FUNCTION = YES;
				GCC_WARN_UNUSED_VARIABLE = YES;
				IPHONEOS_DEPLOYMENT_TARGET = 11.4;
				MTL_ENABLE_DEBUG_INFO = YES;
				ONLY_ACTIVE_ARCH = YES;
				SDKROOT = iphoneos;
				SWIFT_ACTIVE_COMPILATION_CONDITIONS = DEBUG;
				SWIFT_OPTIMIZATION_LEVEL = "-Onone";
			};
			name = Debug;
		};
		CE17F006211F2F06002FB3A6 /* Release */ = {
			isa = XCBuildConfiguration;
			buildSettings = {
				ALWAYS_SEARCH_USER_PATHS = NO;
				CLANG_ANALYZER_NONNULL = YES;
				CLANG_ANALYZER_NUMBER_OBJECT_CONVERSION = YES_AGGRESSIVE;
				CLANG_CXX_LANGUAGE_STANDARD = "gnu++14";
				CLANG_CXX_LIBRARY = "libc++";
				CLANG_ENABLE_MODULES = YES;
				CLANG_ENABLE_OBJC_ARC = YES;
				CLANG_ENABLE_OBJC_WEAK = YES;
				CLANG_WARN_BLOCK_CAPTURE_AUTORELEASING = YES;
				CLANG_WARN_BOOL_CONVERSION = YES;
				CLANG_WARN_COMMA = YES;
				CLANG_WARN_CONSTANT_CONVERSION = YES;
				CLANG_WARN_DEPRECATED_OBJC_IMPLEMENTATIONS = YES;
				CLANG_WARN_DIRECT_OBJC_ISA_USAGE = YES_ERROR;
				CLANG_WARN_DOCUMENTATION_COMMENTS = YES;
				CLANG_WARN_EMPTY_BODY = YES;
				CLANG_WARN_ENUM_CONVERSION = YES;
				CLANG_WARN_INFINITE_RECURSION = YES;
				CLANG_WARN_INT_CONVERSION = YES;
				CLANG_WARN_NON_LITERAL_NULL_CONVERSION = YES;
				CLANG_WARN_OBJC_IMPLICIT_RETAIN_SELF = YES;
				CLANG_WARN_OBJC_LITERAL_CONVERSION = YES;
				CLANG_WARN_OBJC_ROOT_CLASS = YES_ERROR;
				CLANG_WARN_RANGE_LOOP_ANALYSIS = YES;
				CLANG_WARN_STRICT_PROTOTYPES = YES;
				CLANG_WARN_SUSPICIOUS_MOVE = YES;
				CLANG_WARN_UNGUARDED_AVAILABILITY = YES_AGGRESSIVE;
				CLANG_WARN_UNREACHABLE_CODE = YES;
				CLANG_WARN__DUPLICATE_METHOD_MATCH = YES;
				CODE_SIGN_IDENTITY = "iPhone Developer";
				COPY_PHASE_STRIP = NO;
				DEBUG_INFORMATION_FORMAT = "dwarf-with-dsym";
				ENABLE_NS_ASSERTIONS = NO;
				ENABLE_STRICT_OBJC_MSGSEND = YES;
				GCC_C_LANGUAGE_STANDARD = gnu11;
				GCC_NO_COMMON_BLOCKS = YES;
				GCC_WARN_64_TO_32_BIT_CONVERSION = YES;
				GCC_WARN_ABOUT_RETURN_TYPE = YES_ERROR;
				GCC_WARN_UNDECLARED_SELECTOR = YES;
				GCC_WARN_UNINITIALIZED_AUTOS = YES_AGGRESSIVE;
				GCC_WARN_UNUSED_FUNCTION = YES;
				GCC_WARN_UNUSED_VARIABLE = YES;
				IPHONEOS_DEPLOYMENT_TARGET = 11.4;
				MTL_ENABLE_DEBUG_INFO = NO;
				SDKROOT = iphoneos;
				SWIFT_COMPILATION_MODE = wholemodule;
				SWIFT_OPTIMIZATION_LEVEL = "-O";
				VALIDATE_PRODUCT = YES;
			};
			name = Release;
		};
		CE17F008211F2F06002FB3A6 /* Debug */ = {
			isa = XCBuildConfiguration;
			buildSettings = {
				ASSETCATALOG_COMPILER_APPICON_NAME = AppIcon;
				CODE_SIGN_STYLE = Automatic;
				INFOPLIST_FILE = ColorView/Info.plist;
				LD_RUNPATH_SEARCH_PATHS = (
					"$(inherited)",
					"@executable_path/Frameworks",
				);
				PRODUCT_BUNDLE_IDENTIFIER = chinomx.ColorView;
				PRODUCT_NAME = "$(TARGET_NAME)";
				SWIFT_VERSION = 4.0;
				TARGETED_DEVICE_FAMILY = "1,2";
			};
			name = Debug;
		};
		CE17F009211F2F06002FB3A6 /* Release */ = {
			isa = XCBuildConfiguration;
			buildSettings = {
				ASSETCATALOG_COMPILER_APPICON_NAME = AppIcon;
				CODE_SIGN_STYLE = Automatic;
				INFOPLIST_FILE = ColorView/Info.plist;
				LD_RUNPATH_SEARCH_PATHS = (
					"$(inherited)",
					"@executable_path/Frameworks",
				);
				PRODUCT_BUNDLE_IDENTIFIER = chinomx.ColorView;
				PRODUCT_NAME = "$(TARGET_NAME)";
				SWIFT_VERSION = 4.0;
				TARGETED_DEVICE_FAMILY = "1,2";
			};
			name = Release;
		};
		CE17F00B211F2F06002FB3A6 /* Debug */ = {
			isa = XCBuildConfiguration;
			buildSettings = {
				ALWAYS_EMBED_SWIFT_STANDARD_LIBRARIES = YES;
				BUNDLE_LOADER = "$(TEST_HOST)";
				CODE_SIGN_STYLE = Automatic;
				INFOPLIST_FILE = ColorViewTests/Info.plist;
				LD_RUNPATH_SEARCH_PATHS = (
					"$(inherited)",
					"@executable_path/Frameworks",
					"@loader_path/Frameworks",
				);
				PRODUCT_BUNDLE_IDENTIFIER = chinomx.ColorViewTests;
				PRODUCT_NAME = "$(TARGET_NAME)";
				SWIFT_VERSION = 4.0;
				TARGETED_DEVICE_FAMILY = "1,2";
				TEST_HOST = "$(BUILT_PRODUCTS_DIR)/ColorView.app/ColorView";
			};
			name = Debug;
		};
		CE17F00C211F2F06002FB3A6 /* Release */ = {
			isa = XCBuildConfiguration;
			buildSettings = {
				ALWAYS_EMBED_SWIFT_STANDARD_LIBRARIES = YES;
				BUNDLE_LOADER = "$(TEST_HOST)";
				CODE_SIGN_STYLE = Automatic;
				INFOPLIST_FILE = ColorViewTests/Info.plist;
				LD_RUNPATH_SEARCH_PATHS = (
					"$(inherited)",
					"@executable_path/Frameworks",
					"@loader_path/Frameworks",
				);
				PRODUCT_BUNDLE_IDENTIFIER = chinomx.ColorViewTests;
				PRODUCT_NAME = "$(TARGET_NAME)";
				SWIFT_VERSION = 4.0;
				TARGETED_DEVICE_FAMILY = "1,2";
				TEST_HOST = "$(BUILT_PRODUCTS_DIR)/ColorView.app/ColorView";
			};
			name = Release;
		};
		CE17F00E211F2F06002FB3A6 /* Debug */ = {
			isa = XCBuildConfiguration;
			buildSettings = {
				ALWAYS_EMBED_SWIFT_STANDARD_LIBRARIES = YES;
				CODE_SIGN_STYLE = Automatic;
				INFOPLIST_FILE = ColorViewUITests/Info.plist;
				LD_RUNPATH_SEARCH_PATHS = (
					"$(inherited)",
					"@executable_path/Frameworks",
					"@loader_path/Frameworks",
				);
				PRODUCT_BUNDLE_IDENTIFIER = chinomx.ColorViewUITests;
				PRODUCT_NAME = "$(TARGET_NAME)";
				SWIFT_VERSION = 4.0;
				TARGETED_DEVICE_FAMILY = "1,2";
				TEST_TARGET_NAME = ColorView;
			};
			name = Debug;
		};
		CE17F00F211F2F06002FB3A6 /* Release */ = {
			isa = XCBuildConfiguration;
			buildSettings = {
				ALWAYS_EMBED_SWIFT_STANDARD_LIBRARIES = YES;
				CODE_SIGN_STYLE = Automatic;
				INFOPLIST_FILE = ColorViewUITests/Info.plist;
				LD_RUNPATH_SEARCH_PATHS = (
					"$(inherited)",
					"@executable_path/Frameworks",
					"@loader_path/Frameworks",
				);
				PRODUCT_BUNDLE_IDENTIFIER = chinomx.ColorViewUITests;
				PRODUCT_NAME = "$(TARGET_NAME)";
				SWIFT_VERSION = 4.0;
				TARGETED_DEVICE_FAMILY = "1,2";
				TEST_TARGET_NAME = ColorView;
			};
			name = Release;
		};
/* End XCBuildConfiguration section */

/* Begin XCConfigurationList section */
		CE17EFDA211F2F05002FB3A6 /* Build configuration list for PBXProject "ColorView" */ = {
			isa = XCConfigurationList;
			buildConfigurations = (
				CE17F005211F2F06002FB3A6 /* Debug */,
				CE17F006211F2F06002FB3A6 /* Release */,
			);
			defaultConfigurationIsVisible = 0;
			defaultConfigurationName = Release;
		};
		CE17F007211F2F06002FB3A6 /* Build configuration list for PBXNativeTarget "ColorView" */ = {
			isa = XCConfigurationList;
			buildConfigurations = (
				CE17F008211F2F06002FB3A6 /* Debug */,
				CE17F009211F2F06002FB3A6 /* Release */,
			);
			defaultConfigurationIsVisible = 0;
			defaultConfigurationName = Release;
		};
		CE17F00A211F2F06002FB3A6 /* Build configuration list for PBXNativeTarget "ColorViewTests" */ = {
			isa = XCConfigurationList;
			buildConfigurations = (
				CE17F00B211F2F06002FB3A6 /* Debug */,
				CE17F00C211F2F06002FB3A6 /* Release */,
			);
			defaultConfigurationIsVisible = 0;
			defaultConfigurationName = Release;
		};
		CE17F00D211F2F06002FB3A6 /* Build configuration list for PBXNativeTarget "ColorViewUITests" */ = {
			isa = XCConfigurationList;
			buildConfigurations = (
				CE17F00E211F2F06002FB3A6 /* Debug */,
				CE17F00F211F2F06002FB3A6 /* Release */,
			);
			defaultConfigurationIsVisible = 0;
			defaultConfigurationName = Release;
		};
/* End XCConfigurationList section */
	};
	rootObject = CE17EFD7211F2F05002FB3A6 /* Project object */;
}
